
Microsoft Visual Studio Solution File, Format Version 12.00
# Visual Studio Version 17
VisualStudioVersion = 17.10.34916.146
MinimumVisualStudioVersion = 10.0.40219.1
Project("{FAE04EC0-301F-11D3-BF4B-00C04F79EFBC}") = "TibiaItem.API", "TibiaItem.API.csproj", "{C8B47850-C92C-4C49-8FDF-6BD40504F9D0}"
EndProject
Project("{FAE04EC0-301F-11D3-BF4B-00C04F79EFBC}") = "TibiaItem.Domain", "..\TibiaItem.Domain\TibiaItem.Domain.csproj", "{B59360B0-297C-42E0-885C-CEC42F59836C}"
EndProject
Project("{FAE04EC0-301F-11D3-BF4B-00C04F79EFBC}") = "TibiaItem.Application", "..\TibiaItem.Application\TibiaItem.Application.csproj", "{9C85A2B2-3EF3-4E41-864F-CDABF5C847AD}"
EndProject
Project("{FAE04EC0-301F-11D3-BF4B-00C04F79EFBC}") = "TibiaItem.Infrastructure.MongoDb", "..\TibiaItem.Infrastructure.MongoDb\TibiaItem.Infrastructure.MongoDb.csproj", "{65E8E5FA-22CC-47CF-BAB0-BCCFE95F0AB5}"
EndProject
Global
	GlobalSection(SolutionConfigurationPlatforms) = preSolution
		Debug|Any CPU = Debug|Any CPU
		Release|Any CPU = Release|Any CPU
	EndGlobalSection
	GlobalSection(ProjectConfigurationPlatforms) = postSolution
		{C8B47850-C92C-4C49-8FDF-6BD40504F9D0}.Debug|Any CPU.ActiveCfg = Debug|Any CPU
		{C8B47850-C92C-4C49-8FDF-6BD40504F9D0}.Debug|Any CPU.Build.0 = Debug|Any CPU
		{C8B47850-C92C-4C49-8FDF-6BD40504F9D0}.Release|Any CPU.ActiveCfg = Release|Any CPU
		{C8B47850-C92C-4C49-8FDF-6BD40504F9D0}.Release|Any CPU.Build.0 = Release|Any CPU
		{B59360B0-297C-42E0-885C-CEC42F59836C}.Debug|Any CPU.ActiveCfg = Debug|Any CPU
		{B59360B0-297C-42E0-885C-CEC42F59836C}.Debug|Any CPU.Build.0 = Debug|Any CPU
		{B59360B0-297C-42E0-885C-CEC42F59836C}.Release|Any CPU.ActiveCfg = Release|Any CPU
		{B59360B0-297C-42E0-885C-CEC42F59836C}.Release|Any CPU.Build.0 = Release|Any CPU
		{9C85A2B2-3EF3-4E41-864F-CDABF5C847AD}.Debug|Any CPU.ActiveCfg = Debug|Any CPU
		{9C85A2B2-3EF3-4E41-864F-CDABF5C847AD}.Debug|Any CPU.Build.0 = Debug|Any CPU
		{9C85A2B2-3EF3-4E41-864F-CDABF5C847AD}.Release|Any CPU.ActiveCfg = Release|Any CPU
		{9C85A2B2-3EF3-4E41-864F-CDABF5C847AD}.Release|Any CPU.Build.0 = Release|Any CPU
		{65E8E5FA-22CC-47CF-BAB0-BCCFE95F0AB5}.Debug|Any CPU.ActiveCfg = Debug|Any CPU
		{65E8E5FA-22CC-47CF-BAB0-BCCFE95F0AB5}.Debug|Any CPU.Build.0 = Debug|Any CPU
		{65E8E5FA-22CC-47CF-BAB0-BCCFE95F0AB5}.Release|Any CPU.ActiveCfg = Release|Any CPU
		{65E8E5FA-22CC-47CF-BAB0-BCCFE95F0AB5}.Release|Any CPU.Build.0 = Release|Any CPU
	EndGlobalSection
	GlobalSection(SolutionProperties) = preSolution
		HideSolutionNode = FALSE
	EndGlobalSection
	GlobalSection(ExtensibilityGlobals) = postSolution
		SolutionGuid = {B21B1CC1-ECA9-4F38-B271-B297CAC548BB}
	EndGlobalSection
EndGlobal
